// !$*UTF8*$!
{
	archiveVersion = 1;
	classes = {
	};
	objectVersion = 56;
	objects = {

/* Begin PBXBuildFile section */
		8EED1FD229BDA65900EBEC70 /* LikeThePhotoSwiftUIApp.swift in Sources */ = {isa = PBXBuildFile; fileRef = 8EED1FD129BDA65900EBEC70 /* LikeThePhotoSwiftUIApp.swift */; };
		8EED1FD429BDA65900EBEC70 /* ContentView.swift in Sources */ = {isa = PBXBuildFile; fileRef = 8EED1FD329BDA65900EBEC70 /* ContentView.swift */; };
		8EED1FD629BDA65B00EBEC70 /* Assets.xcassets in Resources */ = {isa = PBXBuildFile; fileRef = 8EED1FD529BDA65B00EBEC70 /* Assets.xcassets */; };
		8EED1FD929BDA65B00EBEC70 /* Preview Assets.xcassets in Resources */ = {isa = PBXBuildFile; fileRef = 8EED1FD829BDA65B00EBEC70 /* Preview Assets.xcassets */; };
		8EED1FE029BDA82900EBEC70 /* ImageCardView.swift in Sources */ = {isa = PBXBuildFile; fileRef = 8EED1FDF29BDA82900EBEC70 /* ImageCardView.swift */; };
		8EED1FE329BDAE5900EBEC70 /* FindView.swift in Sources */ = {isa = PBXBuildFile; fileRef = 8EED1FE229BDAE5900EBEC70 /* FindView.swift */; };
		8EED1FE529BDB55E00EBEC70 /* FavoritesView.swift in Sources */ = {isa = PBXBuildFile; fileRef = 8EED1FE429BDB55E00EBEC70 /* FavoritesView.swift */; };
		8EED1FEA29BDB6A900EBEC70 /* NetworkManager.swift in Sources */ = {isa = PBXBuildFile; fileRef = 8EED1FE929BDB6A900EBEC70 /* NetworkManager.swift */; };
		8EED1FEC29BDB6F700EBEC70 /* ImageModel.swift in Sources */ = {isa = PBXBuildFile; fileRef = 8EED1FEB29BDB6F700EBEC70 /* ImageModel.swift */; };
		8EED1FEE29BDBF4600EBEC70 /* FindViewModel.swift in Sources */ = {isa = PBXBuildFile; fileRef = 8EED1FED29BDBF4600EBEC70 /* FindViewModel.swift */; };
		8EED1FF029BE0FC600EBEC70 /* CoreDataManager.swift in Sources */ = {isa = PBXBuildFile; fileRef = 8EED1FEF29BE0FC600EBEC70 /* CoreDataManager.swift */; };
		8EED1FF329BE106500EBEC70 /* LikeThePhoto.xcdatamodeld in Sources */ = {isa = PBXBuildFile; fileRef = 8EED1FF129BE106500EBEC70 /* LikeThePhoto.xcdatamodeld */; };
		8EED1FFA29BE13AA00EBEC70 /* ImageEntity+CoreDataClass.swift in Sources */ = {isa = PBXBuildFile; fileRef = 8EED1FF829BE13AA00EBEC70 /* ImageEntity+CoreDataClass.swift */; };
		8EED1FFB29BE13AA00EBEC70 /* ImageEntity+CoreDataProperties.swift in Sources */ = {isa = PBXBuildFile; fileRef = 8EED1FF929BE13AA00EBEC70 /* ImageEntity+CoreDataProperties.swift */; };
		8EED1FFE29BE1F0C00EBEC70 /* FavoritesViewModel.swift in Sources */ = {isa = PBXBuildFile; fileRef = 8EED1FFD29BE1F0C00EBEC70 /* FavoritesViewModel.swift */; };
		8EED200029BE1FCC00EBEC70 /* ItemFavoritesImageView.swift in Sources */ = {isa = PBXBuildFile; fileRef = 8EED1FFF29BE1FCC00EBEC70 /* ItemFavoritesImageView.swift */; };
		8EED200229BE2CE000EBEC70 /* ImageFullScreenView.swift in Sources */ = {isa = PBXBuildFile; fileRef = 8EED200129BE2CE000EBEC70 /* ImageFullScreenView.swift */; };
/* End PBXBuildFile section */

/* Begin PBXFileReference section */
		8EED1FCE29BDA65900EBEC70 /* LikeThePhotoSwiftUI.app */ = {isa = PBXFileReference; explicitFileType = wrapper.application; includeInIndex = 0; path = LikeThePhotoSwiftUI.app; sourceTree = BUILT_PRODUCTS_DIR; };
		8EED1FD129BDA65900EBEC70 /* LikeThePhotoSwiftUIApp.swift */ = {isa = PBXFileReference; lastKnownFileType = sourcecode.swift; path = LikeThePhotoSwiftUIApp.swift; sourceTree = "<group>"; };
		8EED1FD329BDA65900EBEC70 /* ContentView.swift */ = {isa = PBXFileReference; lastKnownFileType = sourcecode.swift; path = ContentView.swift; sourceTree = "<group>"; };
		8EED1FD529BDA65B00EBEC70 /* Assets.xcassets */ = {isa = PBXFileReference; lastKnownFileType = folder.assetcatalog; path = Assets.xcassets; sourceTree = "<group>"; };
		8EED1FD829BDA65B00EBEC70 /* Preview Assets.xcassets */ = {isa = PBXFileReference; lastKnownFileType = folder.assetcatalog; path = "Preview Assets.xcassets"; sourceTree = "<group>"; };
		8EED1FDF29BDA82900EBEC70 /* ImageCardView.swift */ = {isa = PBXFileReference; lastKnownFileType = sourcecode.swift; path = ImageCardView.swift; sourceTree = "<group>"; };
		8EED1FE229BDAE5900EBEC70 /* FindView.swift */ = {isa = PBXFileReference; lastKnownFileType = sourcecode.swift; path = FindView.swift; sourceTree = "<group>"; };
		8EED1FE429BDB55E00EBEC70 /* FavoritesView.swift */ = {isa = PBXFileReference; lastKnownFileType = sourcecode.swift; path = FavoritesView.swift; sourceTree = "<group>"; };
		8EED1FE929BDB6A900EBEC70 /* NetworkManager.swift */ = {isa = PBXFileReference; lastKnownFileType = sourcecode.swift; path = NetworkManager.swift; sourceTree = "<group>"; };
		8EED1FEB29BDB6F700EBEC70 /* ImageModel.swift */ = {isa = PBXFileReference; lastKnownFileType = sourcecode.swift; path = ImageModel.swift; sourceTree = "<group>"; };
		8EED1FED29BDBF4600EBEC70 /* FindViewModel.swift */ = {isa = PBXFileReference; lastKnownFileType = sourcecode.swift; path = FindViewModel.swift; sourceTree = "<group>"; };
		8EED1FEF29BE0FC600EBEC70 /* CoreDataManager.swift */ = {isa = PBXFileReference; lastKnownFileType = sourcecode.swift; path = CoreDataManager.swift; sourceTree = "<group>"; };
		8EED1FF229BE106500EBEC70 /* LikeThePhoto.xcdatamodel */ = {isa = PBXFileReference; lastKnownFileType = wrapper.xcdatamodel; path = LikeThePhoto.xcdatamodel; sourceTree = "<group>"; };
		8EED1FF829BE13AA00EBEC70 /* ImageEntity+CoreDataClass.swift */ = {isa = PBXFileReference; lastKnownFileType = sourcecode.swift; path = "ImageEntity+CoreDataClass.swift"; sourceTree = "<group>"; };
		8EED1FF929BE13AA00EBEC70 /* ImageEntity+CoreDataProperties.swift */ = {isa = PBXFileReference; lastKnownFileType = sourcecode.swift; path = "ImageEntity+CoreDataProperties.swift"; sourceTree = "<group>"; };
		8EED1FFD29BE1F0C00EBEC70 /* FavoritesViewModel.swift */ = {isa = PBXFileReference; lastKnownFileType = sourcecode.swift; path = FavoritesViewModel.swift; sourceTree = "<group>"; };
		8EED1FFF29BE1FCC00EBEC70 /* ItemFavoritesImageView.swift */ = {isa = PBXFileReference; lastKnownFileType = sourcecode.swift; path = ItemFavoritesImageView.swift; sourceTree = "<group>"; };
		8EED200129BE2CE000EBEC70 /* ImageFullScreenView.swift */ = {isa = PBXFileReference; lastKnownFileType = sourcecode.swift; path = ImageFullScreenView.swift; sourceTree = "<group>"; };
/* End PBXFileReference section */

/* Begin PBXFrameworksBuildPhase section */
		8EED1FCB29BDA65900EBEC70 /* Frameworks */ = {
			isa = PBXFrameworksBuildPhase;
			buildActionMask = 2147483647;
			files = (
			);
			runOnlyForDeploymentPostprocessing = 0;
		};
/* End PBXFrameworksBuildPhase section */

/* Begin PBXGroup section */
		8EED1FC529BDA65900EBEC70 = {
			isa = PBXGroup;
			children = (
				8EED1FD029BDA65900EBEC70 /* LikeThePhotoSwiftUI */,
				8EED1FCF29BDA65900EBEC70 /* Products */,
			);
			sourceTree = "<group>";
		};
		8EED1FCF29BDA65900EBEC70 /* Products */ = {
			isa = PBXGroup;
			children = (
				8EED1FCE29BDA65900EBEC70 /* LikeThePhotoSwiftUI.app */,
			);
			name = Products;
			sourceTree = "<group>";
		};
		8EED1FD029BDA65900EBEC70 /* LikeThePhotoSwiftUI */ = {
			isa = PBXGroup;
			children = (
				8EED1FD129BDA65900EBEC70 /* LikeThePhotoSwiftUIApp.swift */,
				8EED1FE829BDB67000EBEC70 /* Services */,
				8EED1FE729BDB65400EBEC70 /* Models */,
				8EED1FE629BDB63F00EBEC70 /* ViewModels */,
				8EED1FE129BDAD2D00EBEC70 /* Views */,
				8EED1FD529BDA65B00EBEC70 /* Assets.xcassets */,
				8EED1FD729BDA65B00EBEC70 /* Preview Content */,
			);
			path = LikeThePhotoSwiftUI;
			sourceTree = "<group>";
		};
		8EED1FD729BDA65B00EBEC70 /* Preview Content */ = {
			isa = PBXGroup;
			children = (
				8EED1FD829BDA65B00EBEC70 /* Preview Assets.xcassets */,
			);
			path = "Preview Content";
			sourceTree = "<group>";
		};
		8EED1FE129BDAD2D00EBEC70 /* Views */ = {
			isa = PBXGroup;
			children = (
				8EED1FD329BDA65900EBEC70 /* ContentView.swift */,
				8EED1FDF29BDA82900EBEC70 /* ImageCardView.swift */,
				8EED1FE229BDAE5900EBEC70 /* FindView.swift */,
				8EED1FE429BDB55E00EBEC70 /* FavoritesView.swift */,
				8EED1FFF29BE1FCC00EBEC70 /* ItemFavoritesImageView.swift */,
				8EED200129BE2CE000EBEC70 /* ImageFullScreenView.swift */,
			);
			path = Views;
			sourceTree = "<group>";
		};
		8EED1FE629BDB63F00EBEC70 /* ViewModels */ = {
			isa = PBXGroup;
			children = (
				8EED1FED29BDBF4600EBEC70 /* FindViewModel.swift */,
				8EED1FFD29BE1F0C00EBEC70 /* FavoritesViewModel.swift */,
			);
			path = ViewModels;
			sourceTree = "<group>";
		};
		8EED1FE729BDB65400EBEC70 /* Models */ = {
			isa = PBXGroup;
			children = (
				8EED1FEB29BDB6F700EBEC70 /* ImageModel.swift */,
			);
			path = Models;
			sourceTree = "<group>";
		};
		8EED1FE829BDB67000EBEC70 /* Services */ = {
			isa = PBXGroup;
			children = (
				8EED1FFC29BE13C100EBEC70 /* CoreData */,
				8EED1FE929BDB6A900EBEC70 /* NetworkManager.swift */,
				8EED1FF129BE106500EBEC70 /* LikeThePhoto.xcdatamodeld */,
			);
			path = Services;
			sourceTree = "<group>";
		};
		8EED1FFC29BE13C100EBEC70 /* CoreData */ = {
			isa = PBXGroup;
			children = (
				8EED1FF929BE13AA00EBEC70 /* ImageEntity+CoreDataProperties.swift */,
				8EED1FF829BE13AA00EBEC70 /* ImageEntity+CoreDataClass.swift */,
				8EED1FEF29BE0FC600EBEC70 /* CoreDataManager.swift */,
			);
			name = CoreData;
			path = ../CoreData;
			sourceTree = "<group>";
		};
/* End PBXGroup section */

/* Begin PBXNativeTarget section */
		8EED1FCD29BDA65900EBEC70 /* LikeThePhotoSwiftUI */ = {
			isa = PBXNativeTarget;
			buildConfigurationList = 8EED1FDC29BDA65B00EBEC70 /* Build configuration list for PBXNativeTarget "LikeThePhotoSwiftUI" */;
			buildPhases = (
				8EED1FCA29BDA65900EBEC70 /* Sources */,
				8EED1FCB29BDA65900EBEC70 /* Frameworks */,
				8EED1FCC29BDA65900EBEC70 /* Resources */,
			);
			buildRules = (
			);
			dependencies = (
			);
			name = LikeThePhotoSwiftUI;
			productName = LikeThePhotoSwiftUI;
			productReference = 8EED1FCE29BDA65900EBEC70 /* LikeThePhotoSwiftUI.app */;
			productType = "com.apple.product-type.application";
		};
/* End PBXNativeTarget section */

/* Begin PBXProject section */
		8EED1FC629BDA65900EBEC70 /* Project object */ = {
			isa = PBXProject;
			attributes = {
				BuildIndependentTargetsInParallel = 1;
				LastSwiftUpdateCheck = 1420;
				LastUpgradeCheck = 1420;
				TargetAttributes = {
					8EED1FCD29BDA65900EBEC70 = {
						CreatedOnToolsVersion = 14.2;
					};
				};
			};
			buildConfigurationList = 8EED1FC929BDA65900EBEC70 /* Build configuration list for PBXProject "LikeThePhotoSwiftUI" */;
			compatibilityVersion = "Xcode 14.0";
			developmentRegion = en;
			hasScannedForEncodings = 0;
			knownRegions = (
				en,
				Base,
			);
			mainGroup = 8EED1FC529BDA65900EBEC70;
			productRefGroup = 8EED1FCF29BDA65900EBEC70 /* Products */;
			projectDirPath = "";
			projectRoot = "";
			targets = (
				8EED1FCD29BDA65900EBEC70 /* LikeThePhotoSwiftUI */,
			);
		};
/* End PBXProject section */

/* Begin PBXResourcesBuildPhase section */
		8EED1FCC29BDA65900EBEC70 /* Resources */ = {
			isa = PBXResourcesBuildPhase;
			buildActionMask = 2147483647;
			files = (
				8EED1FD929BDA65B00EBEC70 /* Preview Assets.xcassets in Resources */,
				8EED1FD629BDA65B00EBEC70 /* Assets.xcassets in Resources */,
			);
			runOnlyForDeploymentPostprocessing = 0;
		};
/* End PBXResourcesBuildPhase section */

/* Begin PBXSourcesBuildPhase section */
		8EED1FCA29BDA65900EBEC70 /* Sources */ = {
			isa = PBXSourcesBuildPhase;
			buildActionMask = 2147483647;
			files = (
				8EED1FEA29BDB6A900EBEC70 /* NetworkManager.swift in Sources */,
				8EED200029BE1FCC00EBEC70 /* ItemFavoritesImageView.swift in Sources */,
				8EED1FFA29BE13AA00EBEC70 /* ImageEntity+CoreDataClass.swift in Sources */,
				8EED1FFB29BE13AA00EBEC70 /* ImageEntity+CoreDataProperties.swift in Sources */,
				8EED1FE529BDB55E00EBEC70 /* FavoritesView.swift in Sources */,
				8EED200229BE2CE000EBEC70 /* ImageFullScreenView.swift in Sources */,
				8EED1FE029BDA82900EBEC70 /* ImageCardView.swift in Sources */,
				8EED1FEE29BDBF4600EBEC70 /* FindViewModel.swift in Sources */,
				8EED1FE329BDAE5900EBEC70 /* FindView.swift in Sources */,
				8EED1FD429BDA65900EBEC70 /* ContentView.swift in Sources */,
				8EED1FF029BE0FC600EBEC70 /* CoreDataManager.swift in Sources */,
				8EED1FF329BE106500EBEC70 /* LikeThePhoto.xcdatamodeld in Sources */,
				8EED1FD229BDA65900EBEC70 /* LikeThePhotoSwiftUIApp.swift in Sources */,
				8EED1FEC29BDB6F700EBEC70 /* ImageModel.swift in Sources */,
				8EED1FFE29BE1F0C00EBEC70 /* FavoritesViewModel.swift in Sources */,
			);
			runOnlyForDeploymentPostprocessing = 0;
		};
/* End PBXSourcesBuildPhase section */

/* Begin XCBuildConfiguration section */
		8EED1FDA29BDA65B00EBEC70 /* Debug */ = {
			isa = XCBuildConfiguration;
			buildSettings = {
				ALWAYS_SEARCH_USER_PATHS = NO;
				CLANG_ANALYZER_NONNULL = YES;
				CLANG_ANALYZER_NUMBER_OBJECT_CONVERSION = YES_AGGRESSIVE;
				CLANG_CXX_LANGUAGE_STANDARD = "gnu++20";
				CLANG_ENABLE_MODULES = YES;
				CLANG_ENABLE_OBJC_ARC = YES;
				CLANG_ENABLE_OBJC_WEAK = YES;
				CLANG_WARN_BLOCK_CAPTURE_AUTORELEASING = YES;
				CLANG_WARN_BOOL_CONVERSION = YES;
				CLANG_WARN_COMMA = YES;
				CLANG_WARN_CONSTANT_CONVERSION = YES;
				CLANG_WARN_DEPRECATED_OBJC_IMPLEMENTATIONS = YES;
				CLANG_WARN_DIRECT_OBJC_ISA_USAGE = YES_ERROR;
				CLANG_WARN_DOCUMENTATION_COMMENTS = YES;
				CLANG_WARN_EMPTY_BODY = YES;
				CLANG_WARN_ENUM_CONVERSION = YES;
				CLANG_WARN_INFINITE_RECURSION = YES;
				CLANG_WARN_INT_CONVERSION = YES;
				CLANG_WARN_NON_LITERAL_NULL_CONVERSION = YES;
				CLANG_WARN_OBJC_IMPLICIT_RETAIN_SELF = YES;
				CLANG_WARN_OBJC_LITERAL_CONVERSION = YES;
				CLANG_WARN_OBJC_ROOT_CLASS = YES_ERROR;
				CLANG_WARN_QUOTED_INCLUDE_IN_FRAMEWORK_HEADER = YES;
				CLANG_WARN_RANGE_LOOP_ANALYSIS = YES;
				CLANG_WARN_STRICT_PROTOTYPES = YES;
				CLANG_WARN_SUSPICIOUS_MOVE = YES;
				CLANG_WARN_UNGUARDED_AVAILABILITY = YES_AGGRESSIVE;
				CLANG_WARN_UNREACHABLE_CODE = YES;
				CLANG_WARN__DUPLICATE_METHOD_MATCH = YES;
				COPY_PHASE_STRIP = NO;
				DEBUG_INFORMATION_FORMAT = dwarf;
				ENABLE_STRICT_OBJC_MSGSEND = YES;
				ENABLE_TESTABILITY = YES;
				GCC_C_LANGUAGE_STANDARD = gnu11;
				GCC_DYNAMIC_NO_PIC = NO;
				GCC_NO_COMMON_BLOCKS = YES;
				GCC_OPTIMIZATION_LEVEL = 0;
				GCC_PREPROCESSOR_DEFINITIONS = (
					"DEBUG=1",
					"$(inherited)",
				);
				GCC_WARN_64_TO_32_BIT_CONVERSION = YES;
				GCC_WARN_ABOUT_RETURN_TYPE = YES_ERROR;
				GCC_WARN_UNDECLARED_SELECTOR = YES;
				GCC_WARN_UNINITIALIZED_AUTOS = YES_AGGRESSIVE;
				GCC_WARN_UNUSED_FUNCTION = YES;
				GCC_WARN_UNUSED_VARIABLE = YES;
				IPHONEOS_DEPLOYMENT_TARGET = 16.2;
				MTL_ENABLE_DEBUG_INFO = INCLUDE_SOURCE;
				MTL_FAST_MATH = YES;
				ONLY_ACTIVE_ARCH = YES;
				SDKROOT = iphoneos;
				SWIFT_ACTIVE_COMPILATION_CONDITIONS = DEBUG;
				SWIFT_OPTIMIZATION_LEVEL = "-Onone";
			};
			name = Debug;
		};
		8EED1FDB29BDA65B00EBEC70 /* Release */ = {
			isa = XCBuildConfiguration;
			buildSettings = {
				ALWAYS_SEARCH_USER_PATHS = NO;
				CLANG_ANALYZER_NONNULL = YES;
				CLANG_ANALYZER_NUMBER_OBJECT_CONVERSION = YES_AGGRESSIVE;
				CLANG_CXX_LANGUAGE_STANDARD = "gnu++20";
				CLANG_ENABLE_MODULES = YES;
				CLANG_ENABLE_OBJC_ARC = YES;
				CLANG_ENABLE_OBJC_WEAK = YES;
				CLANG_WARN_BLOCK_CAPTURE_AUTORELEASING = YES;
				CLANG_WARN_BOOL_CONVERSION = YES;
				CLANG_WARN_COMMA = YES;
				CLANG_WARN_CONSTANT_CONVERSION = YES;
				CLANG_WARN_DEPRECATED_OBJC_IMPLEMENTATIONS = YES;
				CLANG_WARN_DIRECT_OBJC_ISA_USAGE = YES_ERROR;
				CLANG_WARN_DOCUMENTATION_COMMENTS = YES;
				CLANG_WARN_EMPTY_BODY = YES;
				CLANG_WARN_ENUM_CONVERSION = YES;
				CLANG_WARN_INFINITE_RECURSION = YES;
				CLANG_WARN_INT_CONVERSION = YES;
				CLANG_WARN_NON_LITERAL_NULL_CONVERSION = YES;
				CLANG_WARN_OBJC_IMPLICIT_RETAIN_SELF = YES;
				CLANG_WARN_OBJC_LITERAL_CONVERSION = YES;
				CLANG_WARN_OBJC_ROOT_CLASS = YES_ERROR;
				CLANG_WARN_QUOTED_INCLUDE_IN_FRAMEWORK_HEADER = YES;
				CLANG_WARN_RANGE_LOOP_ANALYSIS = YES;
				CLANG_WARN_STRICT_PROTOTYPES = YES;
				CLANG_WARN_SUSPICIOUS_MOVE = YES;
				CLANG_WARN_UNGUARDED_AVAILABILITY = YES_AGGRESSIVE;
				CLANG_WARN_UNREACHABLE_CODE = YES;
				CLANG_WARN__DUPLICATE_METHOD_MATCH = YES;
				COPY_PHASE_STRIP = NO;
				DEBUG_INFORMATION_FORMAT = "dwarf-with-dsym";
				ENABLE_NS_ASSERTIONS = NO;
				ENABLE_STRICT_OBJC_MSGSEND = YES;
				GCC_C_LANGUAGE_STANDARD = gnu11;
				GCC_NO_COMMON_BLOCKS = YES;
				GCC_WARN_64_TO_32_BIT_CONVERSION = YES;
				GCC_WARN_ABOUT_RETURN_TYPE = YES_ERROR;
				GCC_WARN_UNDECLARED_SELECTOR = YES;
				GCC_WARN_UNINITIALIZED_AUTOS = YES_AGGRESSIVE;
				GCC_WARN_UNUSED_FUNCTION = YES;
				GCC_WARN_UNUSED_VARIABLE = YES;
				IPHONEOS_DEPLOYMENT_TARGET = 16.2;
				MTL_ENABLE_DEBUG_INFO = NO;
				MTL_FAST_MATH = YES;
				SDKROOT = iphoneos;
				SWIFT_COMPILATION_MODE = wholemodule;
				SWIFT_OPTIMIZATION_LEVEL = "-O";
				VALIDATE_PRODUCT = YES;
			};
			name = Release;
		};
		8EED1FDD29BDA65B00EBEC70 /* Debug */ = {
			isa = XCBuildConfiguration;
			buildSettings = {
				ASSETCATALOG_COMPILER_APPICON_NAME = AppIcon;
				ASSETCATALOG_COMPILER_GLOBAL_ACCENT_COLOR_NAME = AccentColor;
				CODE_SIGN_STYLE = Automatic;
				CURRENT_PROJECT_VERSION = 1;
				DEVELOPMENT_ASSET_PATHS = "\"LikeThePhotoSwiftUI/Preview Content\"";
				DEVELOPMENT_TEAM = 9KA3W2767U;
				ENABLE_PREVIEWS = YES;
				GENERATE_INFOPLIST_FILE = YES;
				INFOPLIST_KEY_UIApplicationSceneManifest_Generation = YES;
				INFOPLIST_KEY_UIApplicationSupportsIndirectInputEvents = YES;
				INFOPLIST_KEY_UILaunchScreen_Generation = YES;
				INFOPLIST_KEY_UISupportedInterfaceOrientations_iPad = "UIInterfaceOrientationPortrait UIInterfaceOrientationPortraitUpsideDown UIInterfaceOrientationLandscapeLeft UIInterfaceOrientationLandscapeRight";
				INFOPLIST_KEY_UISupportedInterfaceOrientations_iPhone = "UIInterfaceOrientationPortrait UIInterfaceOrientationLandscapeLeft UIInterfaceOrientationLandscapeRight";
				LD_RUNPATH_SEARCH_PATHS = (
					"$(inherited)",
					"@executable_path/Frameworks",
				);
				MARKETING_VERSION = 1.0;
				PRODUCT_BUNDLE_IDENTIFIER = "Igor-Sysoev.LikeThePhotoSwiftUI";
				PRODUCT_NAME = "$(TARGET_NAME)";
				SWIFT_EMIT_LOC_STRINGS = YES;
				SWIFT_VERSION = 5.0;
				TARGETED_DEVICE_FAMILY = "1,2";
			};
			name = Debug;
		};
		8EED1FDE29BDA65B00EBEC70 /* Release */ = {
			isa = XCBuildConfiguration;
			buildSettings = {
				ASSETCATALOG_COMPILER_APPICON_NAME = AppIcon;
				ASSETCATALOG_COMPILER_GLOBAL_ACCENT_COLOR_NAME = AccentColor;
				CODE_SIGN_STYLE = Automatic;
				CURRENT_PROJECT_VERSION = 1;
				DEVELOPMENT_ASSET_PATHS = "\"LikeThePhotoSwiftUI/Preview Content\"";
				DEVELOPMENT_TEAM = 9KA3W2767U;
				ENABLE_PREVIEWS = YES;
				GENERATE_INFOPLIST_FILE = YES;
				INFOPLIST_KEY_UIApplicationSceneManifest_Generation = YES;
				INFOPLIST_KEY_UIApplicationSupportsIndirectInputEvents = YES;
				INFOPLIST_KEY_UILaunchScreen_Generation = YES;
				INFOPLIST_KEY_UISupportedInterfaceOrientations_iPad = "UIInterfaceOrientationPortrait UIInterfaceOrientationPortraitUpsideDown UIInterfaceOrientationLandscapeLeft UIInterfaceOrientationLandscapeRight";
				INFOPLIST_KEY_UISupportedInterfaceOrientations_iPhone = "UIInterfaceOrientationPortrait UIInterfaceOrientationLandscapeLeft UIInterfaceOrientationLandscapeRight";
				LD_RUNPATH_SEARCH_PATHS = (
					"$(inherited)",
					"@executable_path/Frameworks",
				);
				MARKETING_VERSION = 1.0;
				PRODUCT_BUNDLE_IDENTIFIER = "Igor-Sysoev.LikeThePhotoSwiftUI";
				PRODUCT_NAME = "$(TARGET_NAME)";
				SWIFT_EMIT_LOC_STRINGS = YES;
				SWIFT_VERSION = 5.0;
				TARGETED_DEVICE_FAMILY = "1,2";
			};
			name = Release;
		};
/* End XCBuildConfiguration section */

/* Begin XCConfigurationList section */
		8EED1FC929BDA65900EBEC70 /* Build configuration list for PBXProject "LikeThePhotoSwiftUI" */ = {
			isa = XCConfigurationList;
			buildConfigurations = (
				8EED1FDA29BDA65B00EBEC70 /* Debug */,
				8EED1FDB29BDA65B00EBEC70 /* Release */,
			);
			defaultConfigurationIsVisible = 0;
			defaultConfigurationName = Release;
		};
		8EED1FDC29BDA65B00EBEC70 /* Build configuration list for PBXNativeTarget "LikeThePhotoSwiftUI" */ = {
			isa = XCConfigurationList;
			buildConfigurations = (
				8EED1FDD29BDA65B00EBEC70 /* Debug */,
				8EED1FDE29BDA65B00EBEC70 /* Release */,
			);
			defaultConfigurationIsVisible = 0;
			defaultConfigurationName = Release;
		};
/* End XCConfigurationList section */

/* Begin XCVersionGroup section */
		8EED1FF129BE106500EBEC70 /* LikeThePhoto.xcdatamodeld */ = {
			isa = XCVersionGroup;
			children = (
				8EED1FF229BE106500EBEC70 /* LikeThePhoto.xcdatamodel */,
			);
			currentVersion = 8EED1FF229BE106500EBEC70 /* LikeThePhoto.xcdatamodel */;
			path = LikeThePhoto.xcdatamodeld;
			sourceTree = "<group>";
			versionGroupType = wrapper.xcdatamodel;
		};
/* End XCVersionGroup section */
	};
	rootObject = 8EED1FC629BDA65900EBEC70 /* Project object */;
}
